# This file is autogenerated, do not edit; changes may be undone by the next 'dep ensure'.


[[projects]]
  branch = "master"
  digest = "1:5d10efb58e8385c77530e8df60dbb7efcf2f806e1a742f5dfc588f8aeb9e0a96"
  name = "github.com/BurntSushi/xgb"
  packages = [
    ".",
    "render",
    "shape",
    "shm",
    "xinerama",
    "xproto",
  ]
  pruneopts = "UT"
  revision = "27f122750802c950b2c869a5b63dafcf590ced95"

[[projects]]
  branch = "master"
  digest = "1:93698a5b0ee991e62e44f2278c0a5baa3545f9ff64366e67060876aa8753e15d"
  name = "github.com/BurntSushi/xgbutil"
  packages = [
    ".",
    "ewmh",
    "xevent",
    "xprop",
  ]
  pruneopts = "UT"
  revision = "f7c97cef3b4e6c88280a5a7091c3314e815ca243"

[[projects]]
  digest = "1:d62ba403cf4b6b331f3be73bbe6a66549b70e3e93f918ec9870badd7f2c242aa"
  name = "github.com/oakmound/w32"
  packages = ["."]
  pruneopts = "UT"
  revision = "9e34746976a263bb50637c5018561570515aa317"
  version = "v2.0.0"

[[projects]]
  branch = "master"
  digest = "1:6502988f162a4ee2029925ad6d12c609f0c32d177825a6805047110599dca6dd"
  name = "golang.org/x/image"
  packages = [
    "bmp",
    "colornames",
    "draw",
    "font",
    "font/basicfont",
    "font/inconsolata",
    "font/plan9font",
    "math/f32",
    "math/f64",
    "math/fixed",
    "riff",
    "tiff",
    "tiff/lzw",
    "vector",
    "vp8",
    "vp8l",
    "webp",
  ]
  pruneopts = "UT"
  revision = "0694c2d4d067f97ebef574d63a763ee8ab559da7"

[[projects]]
  branch = "master"
  digest = "1:ac6265dc97b72daef957099ec5beba7c0a43bd2f365848444bebf581a0a0d67f"
  name = "golang.org/x/mobile"
  packages = [
    "event/key",
    "event/lifecycle",
    "event/mouse",
    "event/paint",
    "event/size",
    "geom",
    "gl",
  ]
  pruneopts = "UT"
  revision = "d2e1c1c4a691445933af238dcfc2869b0ffa7e91"

[[projects]]
  branch = "master"
  digest = "1:de4815ce3ca5b624af2733716ecd471de1ef50cda8afec39491aab517f73139c"
  name = "golang.org/x/net"
  packages = [
    "html",
    "html/atom",
  ]
  pruneopts = "UT"
  revision = "c10a0554eabf8a6a7a6cc3097c9d9f43dcee0a43"

[[projects]]
  branch = "master"
  digest = "1:ae68415cb4e39b10569bcb1eb4d5c7c4737262fd2a55022b057e5e77e2e7b459"
  name = "golang.org/x/sys"
  packages = ["windows"]
  pruneopts = "UT"
  revision = "10058d7d4faa7dd5ef860cbd31af00903076e7b8"

[solve-meta]
  analyzer-name = "dep"
  analyzer-version = 1
  input-imports = [
    "github.com/BurntSushi/xgb",
    "github.com/BurntSushi/xgb/render",
    "github.com/BurntSushi/xgb/shm",
    "github.com/BurntSushi/xgb/xproto",
    "github.com/BurntSushi/xgbutil",
    "github.com/BurntSushi/xgbutil/ewmh",
    "github.com/BurntSushi/xgbutil/xevent",
    "github.com/BurntSushi/xgbutil/xprop",
    "github.com/oakmound/w32",
    "golang.org/x/image/bmp",
    "golang.org/x/image/colornames",
    "golang.org/x/image/draw",
    "golang.org/x/image/font",
    "golang.org/x/image/font/inconsolata",
    "golang.org/x/image/math/f32",
    "golang.org/x/image/math/f64",
    "golang.org/x/image/math/fixed",
    "golang.org/x/image/tiff",
    "golang.org/x/image/vector",
    "golang.org/x/image/webp",
    "golang.org/x/mobile/event/key",
    "golang.org/x/mobile/event/lifecycle",
    "golang.org/x/mobile/event/mouse",
    "golang.org/x/mobile/event/paint",
    "golang.org/x/mobile/event/size",
    "golang.org/x/mobile/geom",
    "golang.org/x/mobile/gl",
    "golang.org/x/net/html",
    "golang.org/x/net/html/atom",
    "golang.org/x/sys/windows",
  ]
  solver-name = "gps-cdcl"
  solver-version = 1
